
Microsoft Visual Studio Solution File, Format Version 12.00
# Visual Studio Version 17
VisualStudioVersion = 17.7.34031.279
MinimumVisualStudioVersion = 10.0.40219.1
Project("{8BC9CEB8-8B4A-11D0-8D11-00A0C91BC942}") = "Project1", "Project1.vcxproj", "{A4FCCAFB-76F2-4EF4-B2CD-9A9599CCAF88}"
EndProject
Global
	GlobalSection(SolutionConfigurationPlatforms) = preSolution
		Debug|x64 = Debug|x64
		Debug|x86 = Debug|x86
		Release|x64 = Release|x64
		Release|x86 = Release|x86
	EndGlobalSection
	GlobalSection(ProjectConfigurationPlatforms) = postSolution
		{A4FCCAFB-76F2-4EF4-B2CD-9A9599CCAF88}.Debug|x64.ActiveCfg = Debug|x64
		{A4FCCAFB-76F2-4EF4-B2CD-9A9599CCAF88}.Debug|x64.Build.0 = Debug|x64
		{A4FCCAFB-76F2-4EF4-B2CD-9A9599CCAF88}.Debug|x86.ActiveCfg = Debug|Win32
		{A4FCCAFB-76F2-4EF4-B2CD-9A9599CCAF88}.Debug|x86.Build.0 = Debug|Win32
		{A4FCCAFB-76F2-4EF4-B2CD-9A9599CCAF88}.Release|x64.ActiveCfg = Release|x64
		{A4FCCAFB-76F2-4EF4-B2CD-9A9599CCAF88}.Release|x64.Build.0 = Release|x64
		{A4FCCAFB-76F2-4EF4-B2CD-9A9599CCAF88}.Release|x86.ActiveCfg = Release|Win32
		{A4FCCAFB-76F2-4EF4-B2CD-9A9599CCAF88}.Release|x86.Build.0 = Release|Win32
	EndGlobalSection
	GlobalSection(SolutionProperties) = preSolution
		HideSolutionNode = FALSE
	EndGlobalSection
	GlobalSection(ExtensibilityGlobals) = postSolution
		SolutionGuid = {610A0DFD-98C2-43E2-8F7B-3F27DBDD3545}
	EndGlobalSection
EndGlobal
