<?xml version="1.0" encoding="UTF-8" standalone="yes" ?>
<CodeBlocks_project_file>
	<FileVersion major="1" minor="6" />
	<Project>
		<Option title="ED1" />
		<Option pch_mode="2" />
		<Option compiler="gcc" />
		<Build>
			<Target title="Debug">
				<Option output="bin/Debug/ED1" prefix_auto="1" extension_auto="1" />
				<Option object_output="obj/Debug/" />
				<Option type="1" />
				<Option compiler="gcc" />
				<Compiler>
					<Add option="-g" />
				</Compiler>
			</Target>
			<Target title="Release">
				<Option output="bin/Release/ED1" prefix_auto="1" extension_auto="1" />
				<Option object_output="obj/Release/" />
				<Option type="1" />
				<Option compiler="gcc" />
				<Compiler>
					<Add option="-O2" />
				</Compiler>
				<Linker>
					<Add option="-s" />
				</Linker>
			</Target>
		</Build>
		<Compiler>
			<Add option="-Wall" />
		</Compiler>
		<Unit filename="Lista.h" />
		<Unit filename="ListaEncadeada.cpp" />
		<Unit filename="ListaEncadeada.h" />
		<Unit filename="ListaSequencial.cpp" />
		<Unit filename="ListaSequencial.h" />
		<Unit filename="NomeRG10.txt" />
		<Unit filename="NomeRG100.txt" />
		<Unit filename="NomeRG100M.txt" />
		<Unit filename="NomeRG10K.txt" />
		<Unit filename="NomeRG1K.txt" />
		<Unit filename="NomeRG1M.txt" />
		<Unit filename="NomeRG50.txt" />
		<Unit filename="Principal.cpp" />
		<Unit filename="Principal.h" />
		<Unit filename="main.cpp" />
		<Extensions />
	</Project>
</CodeBlocks_project_file>
